// !$*UTF8*$!
{
	archiveVersion = 1;
	classes = {
	};
	objectVersion = 56;
	objects = {

/* Begin PBXBuildFile section */
		7380298A29ED9DD600E1EB0F /* LittleLemonMenuApp.swift in Sources */ = {isa = PBXBuildFile; fileRef = 7380298929ED9DD600E1EB0F /* LittleLemonMenuApp.swift */; };
		7380298E29ED9DDA00E1EB0F /* Assets.xcassets in Resources */ = {isa = PBXBuildFile; fileRef = 7380298D29ED9DDA00E1EB0F /* Assets.xcassets */; };
		7380299129ED9DDA00E1EB0F /* Preview Assets.xcassets in Resources */ = {isa = PBXBuildFile; fileRef = 7380299029ED9DDA00E1EB0F /* Preview Assets.xcassets */; };
		7380299B29ED9DDA00E1EB0F /* MenuItemTest.swift in Sources */ = {isa = PBXBuildFile; fileRef = 7380299A29ED9DDA00E1EB0F /* MenuItemTest.swift */; };
		738029A529ED9DDB00E1EB0F /* LittleLemonMenuUITests.swift in Sources */ = {isa = PBXBuildFile; fileRef = 738029A429ED9DDB00E1EB0F /* LittleLemonMenuUITests.swift */; };
		738029A729ED9DDB00E1EB0F /* LittleLemonMenuUITestsLaunchTests.swift in Sources */ = {isa = PBXBuildFile; fileRef = 738029A629ED9DDB00E1EB0F /* LittleLemonMenuUITestsLaunchTests.swift */; };
		73C180092A0BC75F00C1F871 /* M4Exercise.xcdatamodeld in Sources */ = {isa = PBXBuildFile; fileRef = 73C180072A0BC75F00C1F871 /* M4Exercise.xcdatamodeld */; };
		73C180122A0BCAD100C1F871 /* Dish+CoreDataClass.swift in Sources */ = {isa = PBXBuildFile; fileRef = 73C1800A2A0BCAD100C1F871 /* Dish+CoreDataClass.swift */; };
		73C180132A0BCAD100C1F871 /* Dish+CoreDataProperties.swift in Sources */ = {isa = PBXBuildFile; fileRef = 73C1800B2A0BCAD100C1F871 /* Dish+CoreDataProperties.swift */; };
		73C180142A0BCAD100C1F871 /* Dessert+CoreDataClass.swift in Sources */ = {isa = PBXBuildFile; fileRef = 73C1800C2A0BCAD100C1F871 /* Dessert+CoreDataClass.swift */; };
		73C180152A0BCAD100C1F871 /* Dessert+CoreDataProperties.swift in Sources */ = {isa = PBXBuildFile; fileRef = 73C1800D2A0BCAD100C1F871 /* Dessert+CoreDataProperties.swift */; };
		73C180162A0BCAD100C1F871 /* Customer+CoreDataClass.swift in Sources */ = {isa = PBXBuildFile; fileRef = 73C1800E2A0BCAD100C1F871 /* Customer+CoreDataClass.swift */; };
		73C180172A0BCAD100C1F871 /* Customer+CoreDataProperties.swift in Sources */ = {isa = PBXBuildFile; fileRef = 73C1800F2A0BCAD100C1F871 /* Customer+CoreDataProperties.swift */; };
		73C180182A0BCAD100C1F871 /* Location+CoreDataClass.swift in Sources */ = {isa = PBXBuildFile; fileRef = 73C180102A0BCAD100C1F871 /* Location+CoreDataClass.swift */; };
		73C180192A0BCAD100C1F871 /* Location+CoreDataProperties.swift in Sources */ = {isa = PBXBuildFile; fileRef = 73C180112A0BCAD100C1F871 /* Location+CoreDataProperties.swift */; };
		73C1801C2A0BCB5A00C1F871 /* Persistence.swift in Sources */ = {isa = PBXBuildFile; fileRef = 73C1801B2A0BCB5A00C1F871 /* Persistence.swift */; };
		73C1801E2A0BCB7C00C1F871 /* FetchedObjects.swift in Sources */ = {isa = PBXBuildFile; fileRef = 73C1801D2A0BCB7C00C1F871 /* FetchedObjects.swift */; };
		73C180202A0BCD0300C1F871 /* OurDishes.swift in Sources */ = {isa = PBXBuildFile; fileRef = 73C1801F2A0BCD0300C1F871 /* OurDishes.swift */; };
		73C180222A0BCD4E00C1F871 /* DisplayDish.swift in Sources */ = {isa = PBXBuildFile; fileRef = 73C180212A0BCD4E00C1F871 /* DisplayDish.swift */; };
		73C180242A0BCD7F00C1F871 /* DishesModel.swift in Sources */ = {isa = PBXBuildFile; fileRef = 73C180232A0BCD7F00C1F871 /* DishesModel.swift */; };
		73C180262A0BCDD700C1F871 /* MenuStruct.swift in Sources */ = {isa = PBXBuildFile; fileRef = 73C180252A0BCDD700C1F871 /* MenuStruct.swift */; };
		73C180282A0BCE0800C1F871 /* Dish+Extension.swift in Sources */ = {isa = PBXBuildFile; fileRef = 73C180272A0BCE0800C1F871 /* Dish+Extension.swift */; };
		73C1802A2A0BCFF200C1F871 /* Reservation.swift in Sources */ = {isa = PBXBuildFile; fileRef = 73C180292A0BCFF200C1F871 /* Reservation.swift */; };
		73C1802C2A0BD00300C1F871 /* ReservationForm.swift in Sources */ = {isa = PBXBuildFile; fileRef = 73C1802B2A0BD00300C1F871 /* ReservationForm.swift */; };
		73C1802E2A0BD01C00C1F871 /* ReservationView.swift in Sources */ = {isa = PBXBuildFile; fileRef = 73C1802D2A0BD01C00C1F871 /* ReservationView.swift */; };
		73C180302A0BD0AD00C1F871 /* RestaurantLocation.swift in Sources */ = {isa = PBXBuildFile; fileRef = 73C1802F2A0BD0AD00C1F871 /* RestaurantLocation.swift */; };
		73C180322A0BD0BE00C1F871 /* RestaurantView.swift in Sources */ = {isa = PBXBuildFile; fileRef = 73C180312A0BD0BE00C1F871 /* RestaurantView.swift */; };
		73C180342A0BD14A00C1F871 /* LittleLemonLogo.swift in Sources */ = {isa = PBXBuildFile; fileRef = 73C180332A0BD14A00C1F871 /* LittleLemonLogo.swift */; };
		73C180362A0BD19A00C1F871 /* LocationsView.swift in Sources */ = {isa = PBXBuildFile; fileRef = 73C180352A0BD19A00C1F871 /* LocationsView.swift */; };
		73C180382A0BD1F800C1F871 /* MainView.swift in Sources */ = {isa = PBXBuildFile; fileRef = 73C180372A0BD1F800C1F871 /* MainView.swift */; };
		73C1803A2A0BD22100C1F871 /* Model.swift in Sources */ = {isa = PBXBuildFile; fileRef = 73C180392A0BD22100C1F871 /* Model.swift */; };
/* End PBXBuildFile section */

/* Begin PBXContainerItemProxy section */
		7380299729ED9DDA00E1EB0F /* PBXContainerItemProxy */ = {
			isa = PBXContainerItemProxy;
			containerPortal = 7380297E29ED9DD600E1EB0F /* Project object */;
			proxyType = 1;
			remoteGlobalIDString = 7380298529ED9DD600E1EB0F;
			remoteInfo = LittleLemonMenu;
		};
		738029A129ED9DDB00E1EB0F /* PBXContainerItemProxy */ = {
			isa = PBXContainerItemProxy;
			containerPortal = 7380297E29ED9DD600E1EB0F /* Project object */;
			proxyType = 1;
			remoteGlobalIDString = 7380298529ED9DD600E1EB0F;
			remoteInfo = LittleLemonMenu;
		};
/* End PBXContainerItemProxy section */

/* Begin PBXFileReference section */
		7380298629ED9DD600E1EB0F /* LittleLemonMenu.app */ = {isa = PBXFileReference; explicitFileType = wrapper.application; includeInIndex = 0; path = LittleLemonMenu.app; sourceTree = BUILT_PRODUCTS_DIR; };
		7380298929ED9DD600E1EB0F /* LittleLemonMenuApp.swift */ = {isa = PBXFileReference; lastKnownFileType = sourcecode.swift; path = LittleLemonMenuApp.swift; sourceTree = "<group>"; };
		7380298D29ED9DDA00E1EB0F /* Assets.xcassets */ = {isa = PBXFileReference; lastKnownFileType = folder.assetcatalog; path = Assets.xcassets; sourceTree = "<group>"; };
		7380299029ED9DDA00E1EB0F /* Preview Assets.xcassets */ = {isa = PBXFileReference; lastKnownFileType = folder.assetcatalog; path = "Preview Assets.xcassets"; sourceTree = "<group>"; };
		7380299629ED9DDA00E1EB0F /* LittleLemonMenuTests.xctest */ = {isa = PBXFileReference; explicitFileType = wrapper.cfbundle; includeInIndex = 0; path = LittleLemonMenuTests.xctest; sourceTree = BUILT_PRODUCTS_DIR; };
		7380299A29ED9DDA00E1EB0F /* MenuItemTest.swift */ = {isa = PBXFileReference; lastKnownFileType = sourcecode.swift; path = MenuItemTest.swift; sourceTree = "<group>"; };
		738029A029ED9DDB00E1EB0F /* LittleLemonMenuUITests.xctest */ = {isa = PBXFileReference; explicitFileType = wrapper.cfbundle; includeInIndex = 0; path = LittleLemonMenuUITests.xctest; sourceTree = BUILT_PRODUCTS_DIR; };
		738029A429ED9DDB00E1EB0F /* LittleLemonMenuUITests.swift */ = {isa = PBXFileReference; lastKnownFileType = sourcecode.swift; path = LittleLemonMenuUITests.swift; sourceTree = "<group>"; };
		738029A629ED9DDB00E1EB0F /* LittleLemonMenuUITestsLaunchTests.swift */ = {isa = PBXFileReference; lastKnownFileType = sourcecode.swift; path = LittleLemonMenuUITestsLaunchTests.swift; sourceTree = "<group>"; };
		73C180082A0BC75F00C1F871 /* Model.xcdatamodel */ = {isa = PBXFileReference; lastKnownFileType = wrapper.xcdatamodel; path = Model.xcdatamodel; sourceTree = "<group>"; };
		73C1800A2A0BCAD100C1F871 /* Dish+CoreDataClass.swift */ = {isa = PBXFileReference; lastKnownFileType = sourcecode.swift; path = "Dish+CoreDataClass.swift"; sourceTree = "<group>"; };
		73C1800B2A0BCAD100C1F871 /* Dish+CoreDataProperties.swift */ = {isa = PBXFileReference; lastKnownFileType = sourcecode.swift; path = "Dish+CoreDataProperties.swift"; sourceTree = "<group>"; };
		73C1800C2A0BCAD100C1F871 /* Dessert+CoreDataClass.swift */ = {isa = PBXFileReference; lastKnownFileType = sourcecode.swift; path = "Dessert+CoreDataClass.swift"; sourceTree = "<group>"; };
		73C1800D2A0BCAD100C1F871 /* Dessert+CoreDataProperties.swift */ = {isa = PBXFileReference; lastKnownFileType = sourcecode.swift; path = "Dessert+CoreDataProperties.swift"; sourceTree = "<group>"; };
		73C1800E2A0BCAD100C1F871 /* Customer+CoreDataClass.swift */ = {isa = PBXFileReference; lastKnownFileType = sourcecode.swift; path = "Customer+CoreDataClass.swift"; sourceTree = "<group>"; };
		73C1800F2A0BCAD100C1F871 /* Customer+CoreDataProperties.swift */ = {isa = PBXFileReference; lastKnownFileType = sourcecode.swift; path = "Customer+CoreDataProperties.swift"; sourceTree = "<group>"; };
		73C180102A0BCAD100C1F871 /* Location+CoreDataClass.swift */ = {isa = PBXFileReference; lastKnownFileType = sourcecode.swift; path = "Location+CoreDataClass.swift"; sourceTree = "<group>"; };
		73C180112A0BCAD100C1F871 /* Location+CoreDataProperties.swift */ = {isa = PBXFileReference; lastKnownFileType = sourcecode.swift; path = "Location+CoreDataProperties.swift"; sourceTree = "<group>"; };
		73C1801B2A0BCB5A00C1F871 /* Persistence.swift */ = {isa = PBXFileReference; lastKnownFileType = sourcecode.swift; path = Persistence.swift; sourceTree = "<group>"; };
		73C1801D2A0BCB7C00C1F871 /* FetchedObjects.swift */ = {isa = PBXFileReference; lastKnownFileType = sourcecode.swift; path = FetchedObjects.swift; sourceTree = "<group>"; };
		73C1801F2A0BCD0300C1F871 /* OurDishes.swift */ = {isa = PBXFileReference; lastKnownFileType = sourcecode.swift; path = OurDishes.swift; sourceTree = "<group>"; };
		73C180212A0BCD4E00C1F871 /* DisplayDish.swift */ = {isa = PBXFileReference; lastKnownFileType = sourcecode.swift; path = DisplayDish.swift; sourceTree = "<group>"; };
		73C180232A0BCD7F00C1F871 /* DishesModel.swift */ = {isa = PBXFileReference; lastKnownFileType = sourcecode.swift; path = DishesModel.swift; sourceTree = "<group>"; };
		73C180252A0BCDD700C1F871 /* MenuStruct.swift */ = {isa = PBXFileReference; lastKnownFileType = sourcecode.swift; path = MenuStruct.swift; sourceTree = "<group>"; };
		73C180272A0BCE0800C1F871 /* Dish+Extension.swift */ = {isa = PBXFileReference; lastKnownFileType = sourcecode.swift; path = "Dish+Extension.swift"; sourceTree = "<group>"; };
		73C180292A0BCFF200C1F871 /* Reservation.swift */ = {isa = PBXFileReference; lastKnownFileType = sourcecode.swift; path = Reservation.swift; sourceTree = "<group>"; };
		73C1802B2A0BD00300C1F871 /* ReservationForm.swift */ = {isa = PBXFileReference; lastKnownFileType = sourcecode.swift; path = ReservationForm.swift; sourceTree = "<group>"; };
		73C1802D2A0BD01C00C1F871 /* ReservationView.swift */ = {isa = PBXFileReference; lastKnownFileType = sourcecode.swift; path = ReservationView.swift; sourceTree = "<group>"; };
		73C1802F2A0BD0AD00C1F871 /* RestaurantLocation.swift */ = {isa = PBXFileReference; lastKnownFileType = sourcecode.swift; path = RestaurantLocation.swift; sourceTree = "<group>"; };
		73C180312A0BD0BE00C1F871 /* RestaurantView.swift */ = {isa = PBXFileReference; lastKnownFileType = sourcecode.swift; path = RestaurantView.swift; sourceTree = "<group>"; };
		73C180332A0BD14A00C1F871 /* LittleLemonLogo.swift */ = {isa = PBXFileReference; lastKnownFileType = sourcecode.swift; path = LittleLemonLogo.swift; sourceTree = "<group>"; };
		73C180352A0BD19A00C1F871 /* LocationsView.swift */ = {isa = PBXFileReference; lastKnownFileType = sourcecode.swift; path = LocationsView.swift; sourceTree = "<group>"; };
		73C180372A0BD1F800C1F871 /* MainView.swift */ = {isa = PBXFileReference; lastKnownFileType = sourcecode.swift; path = MainView.swift; sourceTree = "<group>"; };
		73C180392A0BD22100C1F871 /* Model.swift */ = {isa = PBXFileReference; lastKnownFileType = sourcecode.swift; path = Model.swift; sourceTree = "<group>"; };
/* End PBXFileReference section */

/* Begin PBXFrameworksBuildPhase section */
		7380298329ED9DD600E1EB0F /* Frameworks */ = {
			isa = PBXFrameworksBuildPhase;
			buildActionMask = 2147483647;
			files = (
			);
			runOnlyForDeploymentPostprocessing = 0;
		};
		7380299329ED9DDA00E1EB0F /* Frameworks */ = {
			isa = PBXFrameworksBuildPhase;
			buildActionMask = 2147483647;
			files = (
			);
			runOnlyForDeploymentPostprocessing = 0;
		};
		7380299D29ED9DDB00E1EB0F /* Frameworks */ = {
			isa = PBXFrameworksBuildPhase;
			buildActionMask = 2147483647;
			files = (
			);
			runOnlyForDeploymentPostprocessing = 0;
		};
/* End PBXFrameworksBuildPhase section */

/* Begin PBXGroup section */
		737A931A29F6A26200B9BC8A /* OUR DISHES */ = {
			isa = PBXGroup;
			children = (
				73C1801F2A0BCD0300C1F871 /* OurDishes.swift */,
				73C180212A0BCD4E00C1F871 /* DisplayDish.swift */,
				73C180232A0BCD7F00C1F871 /* DishesModel.swift */,
				73C180252A0BCDD700C1F871 /* MenuStruct.swift */,
				73C180272A0BCE0800C1F871 /* Dish+Extension.swift */,
			);
			path = "OUR DISHES";
			sourceTree = "<group>";
		};
		737A931B29F6A2F600B9BC8A /* RESTAURANT */ = {
			isa = PBXGroup;
			children = (
				73C1802F2A0BD0AD00C1F871 /* RestaurantLocation.swift */,
				73C180312A0BD0BE00C1F871 /* RestaurantView.swift */,
			);
			path = RESTAURANT;
			sourceTree = "<group>";
		};
		7380297D29ED9DD600E1EB0F = {
			isa = PBXGroup;
			children = (
				7380298829ED9DD600E1EB0F /* LittleLemonMenu */,
				7380299929ED9DDA00E1EB0F /* LittleLemonMenuTests */,
				738029A329ED9DDB00E1EB0F /* LittleLemonMenuUITests */,
				7380298729ED9DD600E1EB0F /* Products */,
			);
			sourceTree = "<group>";
		};
		7380298729ED9DD600E1EB0F /* Products */ = {
			isa = PBXGroup;
			children = (
				7380298629ED9DD600E1EB0F /* LittleLemonMenu.app */,
				7380299629ED9DDA00E1EB0F /* LittleLemonMenuTests.xctest */,
				738029A029ED9DDB00E1EB0F /* LittleLemonMenuUITests.xctest */,
			);
			name = Products;
			sourceTree = "<group>";
		};
		7380298829ED9DD600E1EB0F /* LittleLemonMenu */ = {
			isa = PBXGroup;
			children = (
				73C1801A2A0BCAF800C1F871 /* CORE DATA */,
				737A931A29F6A26200B9BC8A /* OUR DISHES */,
				738029B929EDB4E000E1EB0F /* RESERVATION */,
				737A931B29F6A2F600B9BC8A /* RESTAURANT */,
				7380298929ED9DD600E1EB0F /* LittleLemonMenuApp.swift */,
				73C180332A0BD14A00C1F871 /* LittleLemonLogo.swift */,
				73C180352A0BD19A00C1F871 /* LocationsView.swift */,
				73C180372A0BD1F800C1F871 /* MainView.swift */,
				73C180392A0BD22100C1F871 /* Model.swift */,
				7380298D29ED9DDA00E1EB0F /* Assets.xcassets */,
				73C1803B2A0C0FC000C1F871 /* Preview Content */,
			);
			path = LittleLemonMenu;
			sourceTree = "<group>";
		};
		7380299929ED9DDA00E1EB0F /* LittleLemonMenuTests */ = {
			isa = PBXGroup;
			children = (
				7380299A29ED9DDA00E1EB0F /* MenuItemTest.swift */,
			);
			path = LittleLemonMenuTests;
			sourceTree = "<group>";
		};
		738029A329ED9DDB00E1EB0F /* LittleLemonMenuUITests */ = {
			isa = PBXGroup;
			children = (
				738029A429ED9DDB00E1EB0F /* LittleLemonMenuUITests.swift */,
				738029A629ED9DDB00E1EB0F /* LittleLemonMenuUITestsLaunchTests.swift */,
			);
			path = LittleLemonMenuUITests;
			sourceTree = "<group>";
		};
		738029B929EDB4E000E1EB0F /* RESERVATION */ = {
			isa = PBXGroup;
			children = (
				73C180292A0BCFF200C1F871 /* Reservation.swift */,
				73C1802B2A0BD00300C1F871 /* ReservationForm.swift */,
				73C1802D2A0BD01C00C1F871 /* ReservationView.swift */,
			);
			path = RESERVATION;
			sourceTree = "<group>";
		};
		73C1801A2A0BCAF800C1F871 /* CORE DATA */ = {
			isa = PBXGroup;
			children = (
				73C1800A2A0BCAD100C1F871 /* Dish+CoreDataClass.swift */,
				73C1800B2A0BCAD100C1F871 /* Dish+CoreDataProperties.swift */,
				73C1800C2A0BCAD100C1F871 /* Dessert+CoreDataClass.swift */,
				73C1800D2A0BCAD100C1F871 /* Dessert+CoreDataProperties.swift */,
				73C1800E2A0BCAD100C1F871 /* Customer+CoreDataClass.swift */,
				73C1800F2A0BCAD100C1F871 /* Customer+CoreDataProperties.swift */,
				73C180102A0BCAD100C1F871 /* Location+CoreDataClass.swift */,
				73C180112A0BCAD100C1F871 /* Location+CoreDataProperties.swift */,
				73C180072A0BC75F00C1F871 /* M4Exercise.xcdatamodeld */,
				73C1801B2A0BCB5A00C1F871 /* Persistence.swift */,
				73C1801D2A0BCB7C00C1F871 /* FetchedObjects.swift */,
			);
			path = "CORE DATA";
			sourceTree = "<group>";
		};
		73C1803B2A0C0FC000C1F871 /* Preview Content */ = {
			isa = PBXGroup;
			children = (
				7380299029ED9DDA00E1EB0F /* Preview Assets.xcassets */,
			);
			path = "Preview Content";
			sourceTree = "<group>";
		};
/* End PBXGroup section */

/* Begin PBXNativeTarget section */
		7380298529ED9DD600E1EB0F /* LittleLemonMenu */ = {
			isa = PBXNativeTarget;
			buildConfigurationList = 738029AA29ED9DDB00E1EB0F /* Build configuration list for PBXNativeTarget "LittleLemonMenu" */;
			buildPhases = (
				7380298229ED9DD600E1EB0F /* Sources */,
				7380298329ED9DD600E1EB0F /* Frameworks */,
				7380298429ED9DD600E1EB0F /* Resources */,
			);
			buildRules = (
			);
			dependencies = (
			);
			name = LittleLemonMenu;
			productName = LittleLemonMenu;
			productReference = 7380298629ED9DD600E1EB0F /* LittleLemonMenu.app */;
			productType = "com.apple.product-type.application";
		};
		7380299529ED9DDA00E1EB0F /* LittleLemonMenuTests */ = {
			isa = PBXNativeTarget;
			buildConfigurationList = 738029AD29ED9DDB00E1EB0F /* Build configuration list for PBXNativeTarget "LittleLemonMenuTests" */;
			buildPhases = (
				7380299229ED9DDA00E1EB0F /* Sources */,
				7380299329ED9DDA00E1EB0F /* Frameworks */,
				7380299429ED9DDA00E1EB0F /* Resources */,
			);
			buildRules = (
			);
			dependencies = (
				7380299829ED9DDA00E1EB0F /* PBXTargetDependency */,
			);
			name = LittleLemonMenuTests;
			productName = LittleLemonMenuTests;
			productReference = 7380299629ED9DDA00E1EB0F /* LittleLemonMenuTests.xctest */;
			productType = "com.apple.product-type.bundle.unit-test";
		};
		7380299F29ED9DDB00E1EB0F /* LittleLemonMenuUITests */ = {
			isa = PBXNativeTarget;
			buildConfigurationList = 738029B029ED9DDB00E1EB0F /* Build configuration list for PBXNativeTarget "LittleLemonMenuUITests" */;
			buildPhases = (
				7380299C29ED9DDB00E1EB0F /* Sources */,
				7380299D29ED9DDB00E1EB0F /* Frameworks */,
				7380299E29ED9DDB00E1EB0F /* Resources */,
			);
			buildRules = (
			);
			dependencies = (
				738029A229ED9DDB00E1EB0F /* PBXTargetDependency */,
			);
			name = LittleLemonMenuUITests;
			productName = LittleLemonMenuUITests;
			productReference = 738029A029ED9DDB00E1EB0F /* LittleLemonMenuUITests.xctest */;
			productType = "com.apple.product-type.bundle.ui-testing";
		};
/* End PBXNativeTarget section */

/* Begin PBXProject section */
		7380297E29ED9DD600E1EB0F /* Project object */ = {
			isa = PBXProject;
			attributes = {
				BuildIndependentTargetsInParallel = 1;
				LastSwiftUpdateCheck = 1420;
				LastUpgradeCheck = 1420;
				TargetAttributes = {
					7380298529ED9DD600E1EB0F = {
						CreatedOnToolsVersion = 14.2;
					};
					7380299529ED9DDA00E1EB0F = {
						CreatedOnToolsVersion = 14.2;
						TestTargetID = 7380298529ED9DD600E1EB0F;
					};
					7380299F29ED9DDB00E1EB0F = {
						CreatedOnToolsVersion = 14.2;
						TestTargetID = 7380298529ED9DD600E1EB0F;
					};
				};
			};
			buildConfigurationList = 7380298129ED9DD600E1EB0F /* Build configuration list for PBXProject "LittleLemonMenu" */;
			compatibilityVersion = "Xcode 14.0";
			developmentRegion = en;
			hasScannedForEncodings = 0;
			knownRegions = (
				en,
				Base,
			);
			mainGroup = 7380297D29ED9DD600E1EB0F;
			productRefGroup = 7380298729ED9DD600E1EB0F /* Products */;
			projectDirPath = "";
			projectRoot = "";
			targets = (
				7380298529ED9DD600E1EB0F /* LittleLemonMenu */,
				7380299529ED9DDA00E1EB0F /* LittleLemonMenuTests */,
				7380299F29ED9DDB00E1EB0F /* LittleLemonMenuUITests */,
			);
		};
/* End PBXProject section */

/* Begin PBXResourcesBuildPhase section */
		7380298429ED9DD600E1EB0F /* Resources */ = {
			isa = PBXResourcesBuildPhase;
			buildActionMask = 2147483647;
			files = (
				7380299129ED9DDA00E1EB0F /* Preview Assets.xcassets in Resources */,
				7380298E29ED9DDA00E1EB0F /* Assets.xcassets in Resources */,
			);
			runOnlyForDeploymentPostprocessing = 0;
		};
		7380299429ED9DDA00E1EB0F /* Resources */ = {
			isa = PBXResourcesBuildPhase;
			buildActionMask = 2147483647;
			files = (
			);
			runOnlyForDeploymentPostprocessing = 0;
		};
		7380299E29ED9DDB00E1EB0F /* Resources */ = {
			isa = PBXResourcesBuildPhase;
			buildActionMask = 2147483647;
			files = (
			);
			runOnlyForDeploymentPostprocessing = 0;
		};
/* End PBXResourcesBuildPhase section */

/* Begin PBXSourcesBuildPhase section */
		7380298229ED9DD600E1EB0F /* Sources */ = {
			isa = PBXSourcesBuildPhase;
			buildActionMask = 2147483647;
			files = (
				73C180202A0BCD0300C1F871 /* OurDishes.swift in Sources */,
				73C180142A0BCAD100C1F871 /* Dessert+CoreDataClass.swift in Sources */,
				73C1802A2A0BCFF200C1F871 /* Reservation.swift in Sources */,
				73C180152A0BCAD100C1F871 /* Dessert+CoreDataProperties.swift in Sources */,
				73C180242A0BCD7F00C1F871 /* DishesModel.swift in Sources */,
				73C180342A0BD14A00C1F871 /* LittleLemonLogo.swift in Sources */,
				73C180132A0BCAD100C1F871 /* Dish+CoreDataProperties.swift in Sources */,
				73C1801E2A0BCB7C00C1F871 /* FetchedObjects.swift in Sources */,
				73C180182A0BCAD100C1F871 /* Location+CoreDataClass.swift in Sources */,
				73C180262A0BCDD700C1F871 /* MenuStruct.swift in Sources */,
				73C1802C2A0BD00300C1F871 /* ReservationForm.swift in Sources */,
				7380298A29ED9DD600E1EB0F /* LittleLemonMenuApp.swift in Sources */,
				73C180302A0BD0AD00C1F871 /* RestaurantLocation.swift in Sources */,
				73C180382A0BD1F800C1F871 /* MainView.swift in Sources */,
				73C1801C2A0BCB5A00C1F871 /* Persistence.swift in Sources */,
				73C180322A0BD0BE00C1F871 /* RestaurantView.swift in Sources */,
				73C180192A0BCAD100C1F871 /* Location+CoreDataProperties.swift in Sources */,
				73C180282A0BCE0800C1F871 /* Dish+Extension.swift in Sources */,
				73C180222A0BCD4E00C1F871 /* DisplayDish.swift in Sources */,
				73C1803A2A0BD22100C1F871 /* Model.swift in Sources */,
				73C180122A0BCAD100C1F871 /* Dish+CoreDataClass.swift in Sources */,
				73C180172A0BCAD100C1F871 /* Customer+CoreDataProperties.swift in Sources */,
				73C1802E2A0BD01C00C1F871 /* ReservationView.swift in Sources */,
				73C180362A0BD19A00C1F871 /* LocationsView.swift in Sources */,
				73C180162A0BCAD100C1F871 /* Customer+CoreDataClass.swift in Sources */,
				73C180092A0BC75F00C1F871 /* M4Exercise.xcdatamodeld in Sources */,
			);
			runOnlyForDeploymentPostprocessing = 0;
		};
		7380299229ED9DDA00E1EB0F /* Sources */ = {
			isa = PBXSourcesBuildPhase;
			buildActionMask = 2147483647;
			files = (
				7380299B29ED9DDA00E1EB0F /* MenuItemTest.swift in Sources */,
			);
			runOnlyForDeploymentPostprocessing = 0;
		};
		7380299C29ED9DDB00E1EB0F /* Sources */ = {
			isa = PBXSourcesBuildPhase;
			buildActionMask = 2147483647;
			files = (
				738029A529ED9DDB00E1EB0F /* LittleLemonMenuUITests.swift in Sources */,
				738029A729ED9DDB00E1EB0F /* LittleLemonMenuUITestsLaunchTests.swift in Sources */,
			);
			runOnlyForDeploymentPostprocessing = 0;
		};
/* End PBXSourcesBuildPhase section */

/* Begin PBXTargetDependency section */
		7380299829ED9DDA00E1EB0F /* PBXTargetDependency */ = {
			isa = PBXTargetDependency;
			target = 7380298529ED9DD600E1EB0F /* LittleLemonMenu */;
			targetProxy = 7380299729ED9DDA00E1EB0F /* PBXContainerItemProxy */;
		};
		738029A229ED9DDB00E1EB0F /* PBXTargetDependency */ = {
			isa = PBXTargetDependency;
			target = 7380298529ED9DD600E1EB0F /* LittleLemonMenu */;
			targetProxy = 738029A129ED9DDB00E1EB0F /* PBXContainerItemProxy */;
		};
/* End PBXTargetDependency section */

/* Begin XCBuildConfiguration section */
		738029A829ED9DDB00E1EB0F /* Debug */ = {
			isa = XCBuildConfiguration;
			buildSettings = {
				ALWAYS_SEARCH_USER_PATHS = NO;
				CLANG_ANALYZER_NONNULL = YES;
				CLANG_ANALYZER_NUMBER_OBJECT_CONVERSION = YES_AGGRESSIVE;
				CLANG_CXX_LANGUAGE_STANDARD = "gnu++20";
				CLANG_ENABLE_MODULES = YES;
				CLANG_ENABLE_OBJC_ARC = YES;
				CLANG_ENABLE_OBJC_WEAK = YES;
				CLANG_WARN_BLOCK_CAPTURE_AUTORELEASING = YES;
				CLANG_WARN_BOOL_CONVERSION = YES;
				CLANG_WARN_COMMA = YES;
				CLANG_WARN_CONSTANT_CONVERSION = YES;
				CLANG_WARN_DEPRECATED_OBJC_IMPLEMENTATIONS = YES;
				CLANG_WARN_DIRECT_OBJC_ISA_USAGE = YES_ERROR;
				CLANG_WARN_DOCUMENTATION_COMMENTS = YES;
				CLANG_WARN_EMPTY_BODY = YES;
				CLANG_WARN_ENUM_CONVERSION = YES;
				CLANG_WARN_INFINITE_RECURSION = YES;
				CLANG_WARN_INT_CONVERSION = YES;
				CLANG_WARN_NON_LITERAL_NULL_CONVERSION = YES;
				CLANG_WARN_OBJC_IMPLICIT_RETAIN_SELF = YES;
				CLANG_WARN_OBJC_LITERAL_CONVERSION = YES;
				CLANG_WARN_OBJC_ROOT_CLASS = YES_ERROR;
				CLANG_WARN_QUOTED_INCLUDE_IN_FRAMEWORK_HEADER = YES;
				CLANG_WARN_RANGE_LOOP_ANALYSIS = YES;
				CLANG_WARN_STRICT_PROTOTYPES = YES;
				CLANG_WARN_SUSPICIOUS_MOVE = YES;
				CLANG_WARN_UNGUARDED_AVAILABILITY = YES_AGGRESSIVE;
				CLANG_WARN_UNREACHABLE_CODE = YES;
				CLANG_WARN__DUPLICATE_METHOD_MATCH = YES;
				COPY_PHASE_STRIP = NO;
				DEBUG_INFORMATION_FORMAT = dwarf;
				ENABLE_STRICT_OBJC_MSGSEND = YES;
				ENABLE_TESTABILITY = YES;
				GCC_C_LANGUAGE_STANDARD = gnu11;
				GCC_DYNAMIC_NO_PIC = NO;
				GCC_NO_COMMON_BLOCKS = YES;
				GCC_OPTIMIZATION_LEVEL = 0;
				GCC_PREPROCESSOR_DEFINITIONS = (
					"DEBUG=1",
					"$(inherited)",
				);
				GCC_WARN_64_TO_32_BIT_CONVERSION = YES;
				GCC_WARN_ABOUT_RETURN_TYPE = YES_ERROR;
				GCC_WARN_UNDECLARED_SELECTOR = YES;
				GCC_WARN_UNINITIALIZED_AUTOS = YES_AGGRESSIVE;
				GCC_WARN_UNUSED_FUNCTION = YES;
				GCC_WARN_UNUSED_VARIABLE = YES;
				IPHONEOS_DEPLOYMENT_TARGET = 16.2;
				MTL_ENABLE_DEBUG_INFO = INCLUDE_SOURCE;
				MTL_FAST_MATH = YES;
				ONLY_ACTIVE_ARCH = YES;
				SDKROOT = iphoneos;
				SWIFT_ACTIVE_COMPILATION_CONDITIONS = DEBUG;
				SWIFT_OPTIMIZATION_LEVEL = "-Onone";
			};
			name = Debug;
		};
		738029A929ED9DDB00E1EB0F /* Release */ = {
			isa = XCBuildConfiguration;
			buildSettings = {
				ALWAYS_SEARCH_USER_PATHS = NO;
				CLANG_ANALYZER_NONNULL = YES;
				CLANG_ANALYZER_NUMBER_OBJECT_CONVERSION = YES_AGGRESSIVE;
				CLANG_CXX_LANGUAGE_STANDARD = "gnu++20";
				CLANG_ENABLE_MODULES = YES;
				CLANG_ENABLE_OBJC_ARC = YES;
				CLANG_ENABLE_OBJC_WEAK = YES;
				CLANG_WARN_BLOCK_CAPTURE_AUTORELEASING = YES;
				CLANG_WARN_BOOL_CONVERSION = YES;
				CLANG_WARN_COMMA = YES;
				CLANG_WARN_CONSTANT_CONVERSION = YES;
				CLANG_WARN_DEPRECATED_OBJC_IMPLEMENTATIONS = YES;
				CLANG_WARN_DIRECT_OBJC_ISA_USAGE = YES_ERROR;
				CLANG_WARN_DOCUMENTATION_COMMENTS = YES;
				CLANG_WARN_EMPTY_BODY = YES;
				CLANG_WARN_ENUM_CONVERSION = YES;
				CLANG_WARN_INFINITE_RECURSION = YES;
				CLANG_WARN_INT_CONVERSION = YES;
				CLANG_WARN_NON_LITERAL_NULL_CONVERSION = YES;
				CLANG_WARN_OBJC_IMPLICIT_RETAIN_SELF = YES;
				CLANG_WARN_OBJC_LITERAL_CONVERSION = YES;
				CLANG_WARN_OBJC_ROOT_CLASS = YES_ERROR;
				CLANG_WARN_QUOTED_INCLUDE_IN_FRAMEWORK_HEADER = YES;
				CLANG_WARN_RANGE_LOOP_ANALYSIS = YES;
				CLANG_WARN_STRICT_PROTOTYPES = YES;
				CLANG_WARN_SUSPICIOUS_MOVE = YES;
				CLANG_WARN_UNGUARDED_AVAILABILITY = YES_AGGRESSIVE;
				CLANG_WARN_UNREACHABLE_CODE = YES;
				CLANG_WARN__DUPLICATE_METHOD_MATCH = YES;
				COPY_PHASE_STRIP = NO;
				DEBUG_INFORMATION_FORMAT = "dwarf-with-dsym";
				ENABLE_NS_ASSERTIONS = NO;
				ENABLE_STRICT_OBJC_MSGSEND = YES;
				GCC_C_LANGUAGE_STANDARD = gnu11;
				GCC_NO_COMMON_BLOCKS = YES;
				GCC_WARN_64_TO_32_BIT_CONVERSION = YES;
				GCC_WARN_ABOUT_RETURN_TYPE = YES_ERROR;
				GCC_WARN_UNDECLARED_SELECTOR = YES;
				GCC_WARN_UNINITIALIZED_AUTOS = YES_AGGRESSIVE;
				GCC_WARN_UNUSED_FUNCTION = YES;
				GCC_WARN_UNUSED_VARIABLE = YES;
				IPHONEOS_DEPLOYMENT_TARGET = 16.2;
				MTL_ENABLE_DEBUG_INFO = NO;
				MTL_FAST_MATH = YES;
				SDKROOT = iphoneos;
				SWIFT_COMPILATION_MODE = wholemodule;
				SWIFT_OPTIMIZATION_LEVEL = "-O";
				VALIDATE_PRODUCT = YES;
			};
			name = Release;
		};
		738029AB29ED9DDB00E1EB0F /* Debug */ = {
			isa = XCBuildConfiguration;
			buildSettings = {
				ASSETCATALOG_COMPILER_APPICON_NAME = AppIcon;
				ASSETCATALOG_COMPILER_GLOBAL_ACCENT_COLOR_NAME = AccentColor;
				CODE_SIGN_STYLE = Automatic;
				CURRENT_PROJECT_VERSION = 1;
				DEVELOPMENT_ASSET_PATHS = "\"LittleLemonMenu/Preview Content\"";
				DEVELOPMENT_TEAM = 566CT6QDNS;
				ENABLE_PREVIEWS = YES;
				GENERATE_INFOPLIST_FILE = YES;
				INFOPLIST_KEY_UIApplicationSceneManifest_Generation = YES;
				INFOPLIST_KEY_UIApplicationSupportsIndirectInputEvents = YES;
				INFOPLIST_KEY_UILaunchScreen_Generation = YES;
				INFOPLIST_KEY_UISupportedInterfaceOrientations_iPad = "UIInterfaceOrientationPortrait UIInterfaceOrientationPortraitUpsideDown UIInterfaceOrientationLandscapeLeft UIInterfaceOrientationLandscapeRight";
				INFOPLIST_KEY_UISupportedInterfaceOrientations_iPhone = "UIInterfaceOrientationPortrait UIInterfaceOrientationLandscapeLeft UIInterfaceOrientationLandscapeRight";
				LD_RUNPATH_SEARCH_PATHS = (
					"$(inherited)",
					"@executable_path/Frameworks",
				);
				MARKETING_VERSION = 1.0;
				PRODUCT_BUNDLE_IDENTIFIER = br.com.caren.sousa.LittleLemonMenu;
				PRODUCT_NAME = "$(TARGET_NAME)";
				SWIFT_EMIT_LOC_STRINGS = YES;
				SWIFT_VERSION = 5.0;
				TARGETED_DEVICE_FAMILY = "1,2";
			};
			name = Debug;
		};
		738029AC29ED9DDB00E1EB0F /* Release */ = {
			isa = XCBuildConfiguration;
			buildSettings = {
				ASSETCATALOG_COMPILER_APPICON_NAME = AppIcon;
				ASSETCATALOG_COMPILER_GLOBAL_ACCENT_COLOR_NAME = AccentColor;
				CODE_SIGN_STYLE = Automatic;
				CURRENT_PROJECT_VERSION = 1;
				DEVELOPMENT_ASSET_PATHS = "\"LittleLemonMenu/Preview Content\"";
				DEVELOPMENT_TEAM = 566CT6QDNS;
				ENABLE_PREVIEWS = YES;
				GENERATE_INFOPLIST_FILE = YES;
				INFOPLIST_KEY_UIApplicationSceneManifest_Generation = YES;
				INFOPLIST_KEY_UIApplicationSupportsIndirectInputEvents = YES;
				INFOPLIST_KEY_UILaunchScreen_Generation = YES;
				INFOPLIST_KEY_UISupportedInterfaceOrientations_iPad = "UIInterfaceOrientationPortrait UIInterfaceOrientationPortraitUpsideDown UIInterfaceOrientationLandscapeLeft UIInterfaceOrientationLandscapeRight";
				INFOPLIST_KEY_UISupportedInterfaceOrientations_iPhone = "UIInterfaceOrientationPortrait UIInterfaceOrientationLandscapeLeft UIInterfaceOrientationLandscapeRight";
				LD_RUNPATH_SEARCH_PATHS = (
					"$(inherited)",
					"@executable_path/Frameworks",
				);
				MARKETING_VERSION = 1.0;
				PRODUCT_BUNDLE_IDENTIFIER = br.com.caren.sousa.LittleLemonMenu;
				PRODUCT_NAME = "$(TARGET_NAME)";
				SWIFT_EMIT_LOC_STRINGS = YES;
				SWIFT_VERSION = 5.0;
				TARGETED_DEVICE_FAMILY = "1,2";
			};
			name = Release;
		};
		738029AE29ED9DDB00E1EB0F /* Debug */ = {
			isa = XCBuildConfiguration;
			buildSettings = {
				ALWAYS_EMBED_SWIFT_STANDARD_LIBRARIES = YES;
				BUNDLE_LOADER = "$(TEST_HOST)";
				CODE_SIGN_STYLE = Automatic;
				CURRENT_PROJECT_VERSION = 1;
				DEVELOPMENT_TEAM = 566CT6QDNS;
				GENERATE_INFOPLIST_FILE = YES;
				IPHONEOS_DEPLOYMENT_TARGET = 16.2;
				MARKETING_VERSION = 1.0;
				PRODUCT_BUNDLE_IDENTIFIER = br.com.caren.sousa.LittleLemonMenuTests;
				PRODUCT_NAME = "$(TARGET_NAME)";
				SWIFT_EMIT_LOC_STRINGS = NO;
				SWIFT_VERSION = 5.0;
				TARGETED_DEVICE_FAMILY = "1,2";
				TEST_HOST = "$(BUILT_PRODUCTS_DIR)/LittleLemonMenu.app/$(BUNDLE_EXECUTABLE_FOLDER_PATH)/LittleLemonMenu";
			};
			name = Debug;
		};
		738029AF29ED9DDB00E1EB0F /* Release */ = {
			isa = XCBuildConfiguration;
			buildSettings = {
				ALWAYS_EMBED_SWIFT_STANDARD_LIBRARIES = YES;
				BUNDLE_LOADER = "$(TEST_HOST)";
				CODE_SIGN_STYLE = Automatic;
				CURRENT_PROJECT_VERSION = 1;
				DEVELOPMENT_TEAM = 566CT6QDNS;
				GENERATE_INFOPLIST_FILE = YES;
				IPHONEOS_DEPLOYMENT_TARGET = 16.2;
				MARKETING_VERSION = 1.0;
				PRODUCT_BUNDLE_IDENTIFIER = br.com.caren.sousa.LittleLemonMenuTests;
				PRODUCT_NAME = "$(TARGET_NAME)";
				SWIFT_EMIT_LOC_STRINGS = NO;
				SWIFT_VERSION = 5.0;
				TARGETED_DEVICE_FAMILY = "1,2";
				TEST_HOST = "$(BUILT_PRODUCTS_DIR)/LittleLemonMenu.app/$(BUNDLE_EXECUTABLE_FOLDER_PATH)/LittleLemonMenu";
			};
			name = Release;
		};
		738029B129ED9DDB00E1EB0F /* Debug */ = {
			isa = XCBuildConfiguration;
			buildSettings = {
				ALWAYS_EMBED_SWIFT_STANDARD_LIBRARIES = YES;
				CODE_SIGN_STYLE = Automatic;
				CURRENT_PROJECT_VERSION = 1;
				DEVELOPMENT_TEAM = 566CT6QDNS;
				GENERATE_INFOPLIST_FILE = YES;
				MARKETING_VERSION = 1.0;
				PRODUCT_BUNDLE_IDENTIFIER = br.com.caren.sousa.LittleLemonMenuUITests;
				PRODUCT_NAME = "$(TARGET_NAME)";
				SWIFT_EMIT_LOC_STRINGS = NO;
				SWIFT_VERSION = 5.0;
				TARGETED_DEVICE_FAMILY = "1,2";
				TEST_TARGET_NAME = LittleLemonMenu;
			};
			name = Debug;
		};
		738029B229ED9DDB00E1EB0F /* Release */ = {
			isa = XCBuildConfiguration;
			buildSettings = {
				ALWAYS_EMBED_SWIFT_STANDARD_LIBRARIES = YES;
				CODE_SIGN_STYLE = Automatic;
				CURRENT_PROJECT_VERSION = 1;
				DEVELOPMENT_TEAM = 566CT6QDNS;
				GENERATE_INFOPLIST_FILE = YES;
				MARKETING_VERSION = 1.0;
				PRODUCT_BUNDLE_IDENTIFIER = br.com.caren.sousa.LittleLemonMenuUITests;
				PRODUCT_NAME = "$(TARGET_NAME)";
				SWIFT_EMIT_LOC_STRINGS = NO;
				SWIFT_VERSION = 5.0;
				TARGETED_DEVICE_FAMILY = "1,2";
				TEST_TARGET_NAME = LittleLemonMenu;
			};
			name = Release;
		};
/* End XCBuildConfiguration section */

/* Begin XCConfigurationList section */
		7380298129ED9DD600E1EB0F /* Build configuration list for PBXProject "LittleLemonMenu" */ = {
			isa = XCConfigurationList;
			buildConfigurations = (
				738029A829ED9DDB00E1EB0F /* Debug */,
				738029A929ED9DDB00E1EB0F /* Release */,
			);
			defaultConfigurationIsVisible = 0;
			defaultConfigurationName = Release;
		};
		738029AA29ED9DDB00E1EB0F /* Build configuration list for PBXNativeTarget "LittleLemonMenu" */ = {
			isa = XCConfigurationList;
			buildConfigurations = (
				738029AB29ED9DDB00E1EB0F /* Debug */,
				738029AC29ED9DDB00E1EB0F /* Release */,
			);
			defaultConfigurationIsVisible = 0;
			defaultConfigurationName = Release;
		};
		738029AD29ED9DDB00E1EB0F /* Build configuration list for PBXNativeTarget "LittleLemonMenuTests" */ = {
			isa = XCConfigurationList;
			buildConfigurations = (
				738029AE29ED9DDB00E1EB0F /* Debug */,
				738029AF29ED9DDB00E1EB0F /* Release */,
			);
			defaultConfigurationIsVisible = 0;
			defaultConfigurationName = Release;
		};
		738029B029ED9DDB00E1EB0F /* Build configuration list for PBXNativeTarget "LittleLemonMenuUITests" */ = {
			isa = XCConfigurationList;
			buildConfigurations = (
				738029B129ED9DDB00E1EB0F /* Debug */,
				738029B229ED9DDB00E1EB0F /* Release */,
			);
			defaultConfigurationIsVisible = 0;
			defaultConfigurationName = Release;
		};
/* End XCConfigurationList section */

/* Begin XCVersionGroup section */
		73C180072A0BC75F00C1F871 /* M4Exercise.xcdatamodeld */ = {
			isa = XCVersionGroup;
			children = (
				73C180082A0BC75F00C1F871 /* Model.xcdatamodel */,
			);
			currentVersion = 73C180082A0BC75F00C1F871 /* Model.xcdatamodel */;
			path = M4Exercise.xcdatamodeld;
			sourceTree = "<group>";
			versionGroupType = wrapper.xcdatamodel;
		};
/* End XCVersionGroup section */
	};
	rootObject = 7380297E29ED9DD600E1EB0F /* Project object */;
}
